<Solution>
  <Folder Name="/benchmarks/">
    <Project Path="benchmarks/Inquiry.Benchmarks/Inquiry.Benchmarks.csproj" />
  </Folder>
  <Folder Name="/samples/">
    <Project Path="samples/Inquiry.Northwind/Inquiry.Northwind.csproj" />
    <Project Path="samples/Inquiry.Sample/Inquiry.Sample.csproj" />
  </Folder>
  <Folder Name="/src/">
    <Project Path="src/Inquiry.Generators.Shared/Inquiry.Generators.Shared.csproj" />
    <Project Path="src/Inquiry.MySql/Inquiry.MySql.csproj" />
    <Project Path="src/Inquiry.MySql.Analyzer/Inquiry.MySql.Analyzer.csproj" />
    <Project Path="src/Inquiry.PostgreSql/Inquiry.PostgreSql.csproj" />
    <Project Path="src/Inquiry.PostgreSql.Analyzer/Inquiry.PostgreSql.Analyzer.csproj" />
    <Project Path="src/Inquiry.Sqlite/Inquiry.Sqlite.csproj" />
    <Project Path="src/Inquiry.Sqlite.Analyzer/Inquiry.Sqlite.Analyzer.csproj" />
    <Project Path="src/Inquiry.SqlServer/Inquiry.SqlServer.csproj" />
    <Project Path="src/Inquiry.SqlServer.Analyzer/Inquiry.SqlServer.Analyzer.csproj" />
    <Project Path="src/Inquiry/Inquiry.csproj" />
  </Folder>
  <Folder Name="/tests/">
    <Project Path="tests/Inquiry.Generators.Tests/Inquiry.Generators.Tests.csproj" />
    <Project Path="tests/Inquiry.MySql.Tests/Inquiry.MySql.Tests.csproj" />
    <Project Path="tests/Inquiry.PostgreSql.Tests/Inquiry.PostgreSql.Tests.csproj" />
    <Project Path="tests/Inquiry.Sqlite.Tests/Inquiry.Sqlite.Tests.csproj" />
    <Project Path="tests/Inquiry.SqlServer.Tests/Inquiry.SqlServer.Tests.csproj" />
    <Project Path="tests/Inquiry.Tests/Inquiry.Tests.csproj" />
  </Folder>
</Solution>
